// !$*UTF8*$!
{
	archiveVersion = 1;
	classes = {
	};
	objectVersion = 46;
	objects = {

/* Begin PBXBuildFile section */
		B953259A1AEF8E9B000154EE /* main.m in Sources */ = {isa = PBXBuildFile; fileRef = B95325991AEF8E9B000154EE /* main.m */; };
		B953259D1AEF8E9B000154EE /* AppDelegate.m in Sources */ = {isa = PBXBuildFile; fileRef = B953259C1AEF8E9B000154EE /* AppDelegate.m */; };
		B95325A01AEF8E9B000154EE /* ViewController.m in Sources */ = {isa = PBXBuildFile; fileRef = B953259F1AEF8E9B000154EE /* ViewController.m */; };
		B95325A31AEF8E9B000154EE /* Main.storyboard in Resources */ = {isa = PBXBuildFile; fileRef = B95325A11AEF8E9B000154EE /* Main.storyboard */; };
		B95325A51AEF8E9B000154EE /* Images.xcassets in Resources */ = {isa = PBXBuildFile; fileRef = B95325A41AEF8E9B000154EE /* Images.xcassets */; };
		B95325A81AEF8E9B000154EE /* LaunchScreen.xib in Resources */ = {isa = PBXBuildFile; fileRef = B95325A61AEF8E9B000154EE /* LaunchScreen.xib */; };
		B95325B41AEF8E9B000154EE /* DZTutorialControllerTests.m in Sources */ = {isa = PBXBuildFile; fileRef = B95325B31AEF8E9B000154EE /* DZTutorialControllerTests.m */; };
/* End PBXBuildFile section */

/* Begin PBXContainerItemProxy section */
		B95325AE1AEF8E9B000154EE /* PBXContainerItemProxy */ = {
			isa = PBXContainerItemProxy;
			containerPortal = B953258C1AEF8E9B000154EE /* Project object */;
			proxyType = 1;
			remoteGlobalIDString = B95325931AEF8E9B000154EE;
			remoteInfo = DZTutorialController;
		};
/* End PBXContainerItemProxy section */

/* Begin PBXFileReference section */
		B95325941AEF8E9B000154EE /* DZTutorialController.app */ = {isa = PBXFileReference; explicitFileType = wrapper.application; includeInIndex = 0; path = DZTutorialController.app; sourceTree = BUILT_PRODUCTS_DIR; };
		B95325981AEF8E9B000154EE /* Info.plist */ = {isa = PBXFileReference; lastKnownFileType = text.plist.xml; path = Info.plist; sourceTree = "<group>"; };
		B95325991AEF8E9B000154EE /* main.m */ = {isa = PBXFileReference; lastKnownFileType = sourcecode.c.objc; path = main.m; sourceTree = "<group>"; };
		B953259B1AEF8E9B000154EE /* AppDelegate.h */ = {isa = PBXFileReference; lastKnownFileType = sourcecode.c.h; path = AppDelegate.h; sourceTree = "<group>"; };
		B953259C1AEF8E9B000154EE /* AppDelegate.m */ = {isa = PBXFileReference; lastKnownFileType = sourcecode.c.objc; path = AppDelegate.m; sourceTree = "<group>"; };
		B953259E1AEF8E9B000154EE /* ViewController.h */ = {isa = PBXFileReference; lastKnownFileType = sourcecode.c.h; path = ViewController.h; sourceTree = "<group>"; };
		B953259F1AEF8E9B000154EE /* ViewController.m */ = {isa = PBXFileReference; lastKnownFileType = sourcecode.c.objc; path = ViewController.m; sourceTree = "<group>"; };
		B95325A21AEF8E9B000154EE /* Base */ = {isa = PBXFileReference; lastKnownFileType = file.storyboard; name = Base; path = Base.lproj/Main.storyboard; sourceTree = "<group>"; };
		B95325A41AEF8E9B000154EE /* Images.xcassets */ = {isa = PBXFileReference; lastKnownFileType = folder.assetcatalog; path = Images.xcassets; sourceTree = "<group>"; };
		B95325A71AEF8E9B000154EE /* Base */ = {isa = PBXFileReference; lastKnownFileType = file.xib; name = Base; path = Base.lproj/LaunchScreen.xib; sourceTree = "<group>"; };
		B95325AD1AEF8E9B000154EE /* DZTutorialControllerTests.xctest */ = {isa = PBXFileReference; explicitFileType = wrapper.cfbundle; includeInIndex = 0; path = DZTutorialControllerTests.xctest; sourceTree = BUILT_PRODUCTS_DIR; };
		B95325B21AEF8E9B000154EE /* Info.plist */ = {isa = PBXFileReference; lastKnownFileType = text.plist.xml; path = Info.plist; sourceTree = "<group>"; };
		B95325B31AEF8E9B000154EE /* DZTutorialControllerTests.m */ = {isa = PBXFileReference; lastKnownFileType = sourcecode.c.objc; path = DZTutorialControllerTests.m; sourceTree = "<group>"; };
/* End PBXFileReference section */

/* Begin PBXFrameworksBuildPhase section */
		B95325911AEF8E9B000154EE /* Frameworks */ = {
			isa = PBXFrameworksBuildPhase;
			buildActionMask = 2147483647;
			files = (
			);
			runOnlyForDeploymentPostprocessing = 0;
		};
		B95325AA1AEF8E9B000154EE /* Frameworks */ = {
			isa = PBXFrameworksBuildPhase;
			buildActionMask = 2147483647;
			files = (
			);
			runOnlyForDeploymentPostprocessing = 0;
		};
/* End PBXFrameworksBuildPhase section */

/* Begin PBXGroup section */
		B953258B1AEF8E9B000154EE = {
			isa = PBXGroup;
			children = (
				B95325961AEF8E9B000154EE /* DZTutorialController */,
				B95325B01AEF8E9B000154EE /* DZTutorialControllerTests */,
				B95325951AEF8E9B000154EE /* Products */,
			);
			sourceTree = "<group>";
		};
		B95325951AEF8E9B000154EE /* Products */ = {
			isa = PBXGroup;
			children = (
				B95325941AEF8E9B000154EE /* DZTutorialController.app */,
				B95325AD1AEF8E9B000154EE /* DZTutorialControllerTests.xctest */,
			);
			name = Products;
			sourceTree = "<group>";
		};
		B95325961AEF8E9B000154EE /* DZTutorialController */ = {
			isa = PBXGroup;
			children = (
				B953259B1AEF8E9B000154EE /* AppDelegate.h */,
				B953259C1AEF8E9B000154EE /* AppDelegate.m */,
				B953259E1AEF8E9B000154EE /* ViewController.h */,
				B953259F1AEF8E9B000154EE /* ViewController.m */,
				B95325A11AEF8E9B000154EE /* Main.storyboard */,
				B95325A41AEF8E9B000154EE /* Images.xcassets */,
				B95325A61AEF8E9B000154EE /* LaunchScreen.xib */,
				B95325971AEF8E9B000154EE /* Supporting Files */,
			);
			path = DZTutorialController;
			sourceTree = "<group>";
		};
		B95325971AEF8E9B000154EE /* Supporting Files */ = {
			isa = PBXGroup;
			children = (
				B95325981AEF8E9B000154EE /* Info.plist */,
				B95325991AEF8E9B000154EE /* main.m */,
			);
			name = "Supporting Files";
			sourceTree = "<group>";
		};
		B95325B01AEF8E9B000154EE /* DZTutorialControllerTests */ = {
			isa = PBXGroup;
			children = (
				B95325B31AEF8E9B000154EE /* DZTutorialControllerTests.m */,
				B95325B11AEF8E9B000154EE /* Supporting Files */,
			);
			path = DZTutorialControllerTests;
			sourceTree = "<group>";
		};
		B95325B11AEF8E9B000154EE /* Supporting Files */ = {
			isa = PBXGroup;
			children = (
				B95325B21AEF8E9B000154EE /* Info.plist */,
			);
			name = "Supporting Files";
			sourceTree = "<group>";
		};
/* End PBXGroup section */

/* Begin PBXNativeTarget section */
		B95325931AEF8E9B000154EE /* DZTutorialController */ = {
			isa = PBXNativeTarget;
			buildConfigurationList = B95325B71AEF8E9B000154EE /* Build configuration list for PBXNativeTarget "DZTutorialController" */;
			buildPhases = (
				B95325901AEF8E9B000154EE /* Sources */,
				B95325911AEF8E9B000154EE /* Frameworks */,
				B95325921AEF8E9B000154EE /* Resources */,
			);
			buildRules = (
			);
			dependencies = (
			);
			name = DZTutorialController;
			productName = DZTutorialController;
			productReference = B95325941AEF8E9B000154EE /* DZTutorialController.app */;
			productType = "com.apple.product-type.application";
		};
		B95325AC1AEF8E9B000154EE /* DZTutorialControllerTests */ = {
			isa = PBXNativeTarget;
			buildConfigurationList = B95325BA1AEF8E9B000154EE /* Build configuration list for PBXNativeTarget "DZTutorialControllerTests" */;
			buildPhases = (
				B95325A91AEF8E9B000154EE /* Sources */,
				B95325AA1AEF8E9B000154EE /* Frameworks */,
				B95325AB1AEF8E9B000154EE /* Resources */,
			);
			buildRules = (
			);
			dependencies = (
				B95325AF1AEF8E9B000154EE /* PBXTargetDependency */,
			);
			name = DZTutorialControllerTests;
			productName = DZTutorialControllerTests;
			productReference = B95325AD1AEF8E9B000154EE /* DZTutorialControllerTests.xctest */;
			productType = "com.apple.product-type.bundle.unit-test";
		};
/* End PBXNativeTarget section */

/* Begin PBXProject section */
		B953258C1AEF8E9B000154EE /* Project object */ = {
			isa = PBXProject;
			attributes = {
				LastUpgradeCheck = 0630;
				ORGANIZATIONNAME = "Deep Zero";
				TargetAttributes = {
					B95325931AEF8E9B000154EE = {
						CreatedOnToolsVersion = 6.3;
					};
					B95325AC1AEF8E9B000154EE = {
						CreatedOnToolsVersion = 6.3;
						TestTargetID = B95325931AEF8E9B000154EE;
					};
				};
			};
			buildConfigurationList = B953258F1AEF8E9B000154EE /* Build configuration list for PBXProject "DZTutorialController" */;
			compatibilityVersion = "Xcode 3.2";
			developmentRegion = English;
			hasScannedForEncodings = 0;
			knownRegions = (
				en,
				Base,
			);
			mainGroup = B953258B1AEF8E9B000154EE;
			productRefGroup = B95325951AEF8E9B000154EE /* Products */;
			projectDirPath = "";
			projectRoot = "";
			targets = (
				B95325931AEF8E9B000154EE /* DZTutorialController */,
				B95325AC1AEF8E9B000154EE /* DZTutorialControllerTests */,
			);
		};
/* End PBXProject section */

/* Begin PBXResourcesBuildPhase section */
		B95325921AEF8E9B000154EE /* Resources */ = {
			isa = PBXResourcesBuildPhase;
			buildActionMask = 2147483647;
			files = (
				B95325A31AEF8E9B000154EE /* Main.storyboard in Resources */,
				B95325A81AEF8E9B000154EE /* LaunchScreen.xib in Resources */,
				B95325A51AEF8E9B000154EE /* Images.xcassets in Resources */,
			);
			runOnlyForDeploymentPostprocessing = 0;
		};
		B95325AB1AEF8E9B000154EE /* Resources */ = {
			isa = PBXResourcesBuildPhase;
			buildActionMask = 2147483647;
			files = (
			);
			runOnlyForDeploymentPostprocessing = 0;
		};
/* End PBXResourcesBuildPhase section */

/* Begin PBXSourcesBuildPhase section */
		B95325901AEF8E9B000154EE /* Sources */ = {
			isa = PBXSourcesBuildPhase;
			buildActionMask = 2147483647;
			files = (
				B95325A01AEF8E9B000154EE /* ViewController.m in Sources */,
				B953259D1AEF8E9B000154EE /* AppDelegate.m in Sources */,
				B953259A1AEF8E9B000154EE /* main.m in Sources */,
			);
			runOnlyForDeploymentPostprocessing = 0;
		};
		B95325A91AEF8E9B000154EE /* Sources */ = {
			isa = PBXSourcesBuildPhase;
			buildActionMask = 2147483647;
			files = (
				B95325B41AEF8E9B000154EE /* DZTutorialControllerTests.m in Sources */,
			);
			runOnlyForDeploymentPostprocessing = 0;
		};
/* End PBXSourcesBuildPhase section */

/* Begin PBXTargetDependency section */
		B95325AF1AEF8E9B000154EE /* PBXTargetDependency */ = {
			isa = PBXTargetDependency;
			target = B95325931AEF8E9B000154EE /* DZTutorialController */;
			targetProxy = B95325AE1AEF8E9B000154EE /* PBXContainerItemProxy */;
		};
/* End PBXTargetDependency section */

/* Begin PBXVariantGroup section */
		B95325A11AEF8E9B000154EE /* Main.storyboard */ = {
			isa = PBXVariantGroup;
			children = (
				B95325A21AEF8E9B000154EE /* Base */,
			);
			name = Main.storyboard;
			sourceTree = "<group>";
		};
		B95325A61AEF8E9B000154EE /* LaunchScreen.xib */ = {
			isa = PBXVariantGroup;
			children = (
				B95325A71AEF8E9B000154EE /* Base */,
			);
			name = LaunchScreen.xib;
			sourceTree = "<group>";
		};
/* End PBXVariantGroup section */

/* Begin XCBuildConfiguration section */
		B95325B51AEF8E9B000154EE /* Debug */ = {
			isa = XCBuildConfiguration;
			buildSettings = {
				ALWAYS_SEARCH_USER_PATHS = NO;
				CLANG_CXX_LANGUAGE_STANDARD = "gnu++0x";
				CLANG_CXX_LIBRARY = "libc++";
				CLANG_ENABLE_MODULES = YES;
				CLANG_ENABLE_OBJC_ARC = YES;
				CLANG_WARN_BOOL_CONVERSION = YES;
				CLANG_WARN_CONSTANT_CONVERSION = YES;
				CLANG_WARN_DIRECT_OBJC_ISA_USAGE = YES_ERROR;
				CLANG_WARN_EMPTY_BODY = YES;
				CLANG_WARN_ENUM_CONVERSION = YES;
				CLANG_WARN_INT_CONVERSION = YES;
				CLANG_WARN_OBJC_ROOT_CLASS = YES_ERROR;
				CLANG_WARN_UNREACHABLE_CODE = YES;
				CLANG_WARN__DUPLICATE_METHOD_MATCH = YES;
				"CODE_SIGN_IDENTITY[sdk=iphoneos*]" = "iPhone Developer";
				COPY_PHASE_STRIP = NO;
				DEBUG_INFORMATION_FORMAT = "dwarf-with-dsym";
				ENABLE_STRICT_OBJC_MSGSEND = YES;
				GCC_C_LANGUAGE_STANDARD = gnu99;
				GCC_DYNAMIC_NO_PIC = NO;
				GCC_NO_COMMON_BLOCKS = YES;
				GCC_OPTIMIZATION_LEVEL = 0;
				GCC_PREPROCESSOR_DEFINITIONS = (
					"DEBUG=1",
					"$(inherited)",
				);
				GCC_SYMBOLS_PRIVATE_EXTERN = NO;
				GCC_WARN_64_TO_32_BIT_CONVERSION = YES;
				GCC_WARN_ABOUT_RETURN_TYPE = YES_ERROR;
				GCC_WARN_UNDECLARED_SELECTOR = YES;
				GCC_WARN_UNINITIALIZED_AUTOS = YES_AGGRESSIVE;
				GCC_WARN_UNUSED_FUNCTION = YES;
				GCC_WARN_UNUSED_VARIABLE = YES;
				IPHONEOS_DEPLOYMENT_TARGET = 8.3;
				MTL_ENABLE_DEBUG_INFO = YES;
				ONLY_ACTIVE_ARCH = YES;
				SDKROOT = iphoneos;
				TARGETED_DEVICE_FAMILY = "1,2";
			};
			name = Debug;
		};
		B95325B61AEF8E9B000154EE /* Release */ = {
			isa = XCBuildConfiguration;
			buildSettings = {
				ALWAYS_SEARCH_USER_PATHS = NO;
				CLANG_CXX_LANGUAGE_STANDARD = "gnu++0x";
				CLANG_CXX_LIBRARY = "libc++";
				CLANG_ENABLE_MODULES = YES;
				CLANG_ENABLE_OBJC_ARC = YES;
				CLANG_WARN_BOOL_CONVERSION = YES;
				CLANG_WARN_CONSTANT_CONVERSION = YES;
				CLANG_WARN_DIRECT_OBJC_ISA_USAGE = YES_ERROR;
				CLANG_WARN_EMPTY_BODY = YES;
				CLANG_WARN_ENUM_CONVERSION = YES;
				CLANG_WARN_INT_CONVERSION = YES;
				CLANG_WARN_OBJC_ROOT_CLASS = YES_ERROR;
				CLANG_WARN_UNREACHABLE_CODE = YES;
				CLANG_WARN__DUPLICATE_METHOD_MATCH = YES;
				"CODE_SIGN_IDENTITY[sdk=iphoneos*]" = "iPhone Developer";
				COPY_PHASE_STRIP = NO;
				DEBUG_INFORMATION_FORMAT = "dwarf-with-dsym";
				ENABLE_NS_ASSERTIONS = NO;
				ENABLE_STRICT_OBJC_MSGSEND = YES;
				GCC_C_LANGUAGE_STANDARD = gnu99;
				GCC_NO_COMMON_BLOCKS = YES;
				GCC_WARN_64_TO_32_BIT_CONVERSION = YES;
				GCC_WARN_ABOUT_RETURN_TYPE = YES_ERROR;
				GCC_WARN_UNDECLARED_SELECTOR = YES;
				GCC_WARN_UNINITIALIZED_AUTOS = YES_AGGRESSIVE;
				GCC_WARN_UNUSED_FUNCTION = YES;
				GCC_WARN_UNUSED_VARIABLE = YES;
				IPHONEOS_DEPLOYMENT_TARGET = 8.3;
				MTL_ENABLE_DEBUG_INFO = NO;
				SDKROOT = iphoneos;
				TARGETED_DEVICE_FAMILY = "1,2";
				VALIDATE_PRODUCT = YES;
			};
			name = Release;
		};
		B95325B81AEF8E9B000154EE /* Debug */ = {
			isa = XCBuildConfiguration;
			buildSettings = {
				ASSETCATALOG_COMPILER_APPICON_NAME = AppIcon;
				INFOPLIST_FILE = DZTutorialController/Info.plist;
				LD_RUNPATH_SEARCH_PATHS = "$(inherited) @executable_path/Frameworks";
				PRODUCT_NAME = "$(TARGET_NAME)";
			};
			name = Debug;
		};
		B95325B91AEF8E9B000154EE /* Release */ = {
			isa = XCBuildConfiguration;
			buildSettings = {
				ASSETCATALOG_COMPILER_APPICON_NAME = AppIcon;
				INFOPLIST_FILE = DZTutorialController/Info.plist;
				LD_RUNPATH_SEARCH_PATHS = "$(inherited) @executable_path/Frameworks";
				PRODUCT_NAME = "$(TARGET_NAME)";
			};
			name = Release;
		};
		B95325BB1AEF8E9B000154EE /* Debug */ = {
			isa = XCBuildConfiguration;
			buildSettings = {
				BUNDLE_LOADER = "$(TEST_HOST)";
				FRAMEWORK_SEARCH_PATHS = (
					"$(SDKROOT)/Developer/Library/Frameworks",
					"$(inherited)",
				);
				GCC_PREPROCESSOR_DEFINITIONS = (
					"DEBUG=1",
					"$(inherited)",
				);
				INFOPLIST_FILE = DZTutorialControllerTests/Info.plist;
				LD_RUNPATH_SEARCH_PATHS = "$(inherited) @executable_path/Frameworks @loader_path/Frameworks";
				PRODUCT_NAME = "$(TARGET_NAME)";
				TEST_HOST = "$(BUILT_PRODUCTS_DIR)/DZTutorialController.app/DZTutorialController";
			};
			name = Debug;
		};
		B95325BC1AEF8E9B000154EE /* Release */ = {
			isa = XCBuildConfiguration;
			buildSettings = {
				BUNDLE_LOADER = "$(TEST_HOST)";
				FRAMEWORK_SEARCH_PATHS = (
					"$(SDKROOT)/Developer/Library/Frameworks",
					"$(inherited)",
				);
				INFOPLIST_FILE = DZTutorialControllerTests/Info.plist;
				LD_RUNPATH_SEARCH_PATHS = "$(inherited) @executable_path/Frameworks @loader_path/Frameworks";
				PRODUCT_NAME = "$(TARGET_NAME)";
				TEST_HOST = "$(BUILT_PRODUCTS_DIR)/DZTutorialController.app/DZTutorialController";
			};
			name = Release;
		};
/* End XCBuildConfiguration section */

/* Begin XCConfigurationList section */
		B953258F1AEF8E9B000154EE /* Build configuration list for PBXProject "DZTutorialController" */ = {
			isa = XCConfigurationList;
			buildConfigurations = (
				B95325B51AEF8E9B000154EE /* Debug */,
				B95325B61AEF8E9B000154EE /* Release */,
			);
			defaultConfigurationIsVisible = 0;
			defaultConfigurationName = Release;
		};
		B95325B71AEF8E9B000154EE /* Build configuration list for PBXNativeTarget "DZTutorialController" */ = {
			isa = XCConfigurationList;
			buildConfigurations = (
				B95325B81AEF8E9B000154EE /* Debug */,
				B95325B91AEF8E9B000154EE /* Release */,
			);
			defaultConfigurationIsVisible = 0;
		};
		B95325BA1AEF8E9B000154EE /* Build configuration list for PBXNativeTarget "DZTutorialControllerTests" */ = {
			isa = XCConfigurationList;
			buildConfigurations = (
				B95325BB1AEF8E9B000154EE /* Debug */,
				B95325BC1AEF8E9B000154EE /* Release */,
			);
			defaultConfigurationIsVisible = 0;
		};
/* End XCConfigurationList section */
	};
	rootObject = B953258C1AEF8E9B000154EE /* Project object */;
}
